
Microsoft Visual Studio Solution File, Format Version 12.00
# Visual Studio Version 17
VisualStudioVersion = 17.0.31903.59
MinimumVisualStudioVersion = 10.0.40219.1
Project("{FAE04EC0-301F-11D3-BF4B-00C04F79EFBC}") = "KCCMaterialFlow.Host", "KCCMaterialFlow.Host\KCCMaterialFlow.Host.csproj", "{83CE5B73-9C8F-42C6-909C-06082EF00BB3}"
EndProject
Project("{FAE04EC0-301F-11D3-BF4B-00C04F79EFBC}") = "KCCMaterialFlow.Infrastructure", "KCCMaterialFlow.Infrastructure\KCCMaterialFlow.Infrastructure.csproj", "{FA0D34AB-03CE-4CEC-93CB-AE4D5D415573}"
EndProject
Project("{FAE04EC0-301F-11D3-BF4B-00C04F79EFBC}") = "KCCMaterialFlow.Domain", "KCCMaterialFlow.Domain\KCCMaterialFlow.Domain.csproj", "{1D4B5120-A368-49CD-A83A-714F9EFCCB9C}"
EndProject
Project("{FAE04EC0-301F-11D3-BF4B-00C04F79EFBC}") = "KCCMaterialFlow.Application", "KCCMaterialFlow.Application\KCCMaterialFlow.Application.csproj", "{A4DC2E7F-4489-42B6-9DF8-405A9B1F3871}"
EndProject
Global
	GlobalSection(SolutionConfigurationPlatforms) = preSolution
		Debug|Any CPU = Debug|Any CPU
		Debug|x64 = Debug|x64
		Debug|x86 = Debug|x86
		Release|Any CPU = Release|Any CPU
		Release|x64 = Release|x64
		Release|x86 = Release|x86
	EndGlobalSection
	GlobalSection(ProjectConfigurationPlatforms) = postSolution
		{83CE5B73-9C8F-42C6-909C-06082EF00BB3}.Debug|Any CPU.ActiveCfg = Debug|Any CPU
		{83CE5B73-9C8F-42C6-909C-06082EF00BB3}.Debug|Any CPU.Build.0 = Debug|Any CPU
		{83CE5B73-9C8F-42C6-909C-06082EF00BB3}.Debug|x64.ActiveCfg = Debug|Any CPU
		{83CE5B73-9C8F-42C6-909C-06082EF00BB3}.Debug|x64.Build.0 = Debug|Any CPU
		{83CE5B73-9C8F-42C6-909C-06082EF00BB3}.Debug|x86.ActiveCfg = Debug|Any CPU
		{83CE5B73-9C8F-42C6-909C-06082EF00BB3}.Debug|x86.Build.0 = Debug|Any CPU
		{83CE5B73-9C8F-42C6-909C-06082EF00BB3}.Release|Any CPU.ActiveCfg = Release|Any CPU
		{83CE5B73-9C8F-42C6-909C-06082EF00BB3}.Release|Any CPU.Build.0 = Release|Any CPU
		{83CE5B73-9C8F-42C6-909C-06082EF00BB3}.Release|x64.ActiveCfg = Release|Any CPU
		{83CE5B73-9C8F-42C6-909C-06082EF00BB3}.Release|x64.Build.0 = Release|Any CPU
		{83CE5B73-9C8F-42C6-909C-06082EF00BB3}.Release|x86.ActiveCfg = Release|Any CPU
		{83CE5B73-9C8F-42C6-909C-06082EF00BB3}.Release|x86.Build.0 = Release|Any CPU
		{FA0D34AB-03CE-4CEC-93CB-AE4D5D415573}.Debug|Any CPU.ActiveCfg = Debug|Any CPU
		{FA0D34AB-03CE-4CEC-93CB-AE4D5D415573}.Debug|Any CPU.Build.0 = Debug|Any CPU
		{FA0D34AB-03CE-4CEC-93CB-AE4D5D415573}.Debug|x64.ActiveCfg = Debug|Any CPU
		{FA0D34AB-03CE-4CEC-93CB-AE4D5D415573}.Debug|x64.Build.0 = Debug|Any CPU
		{FA0D34AB-03CE-4CEC-93CB-AE4D5D415573}.Debug|x86.ActiveCfg = Debug|Any CPU
		{FA0D34AB-03CE-4CEC-93CB-AE4D5D415573}.Debug|x86.Build.0 = Debug|Any CPU
		{FA0D34AB-03CE-4CEC-93CB-AE4D5D415573}.Release|Any CPU.ActiveCfg = Release|Any CPU
		{FA0D34AB-03CE-4CEC-93CB-AE4D5D415573}.Release|Any CPU.Build.0 = Release|Any CPU
		{FA0D34AB-03CE-4CEC-93CB-AE4D5D415573}.Release|x64.ActiveCfg = Release|Any CPU
		{FA0D34AB-03CE-4CEC-93CB-AE4D5D415573}.Release|x64.Build.0 = Release|Any CPU
		{FA0D34AB-03CE-4CEC-93CB-AE4D5D415573}.Release|x86.ActiveCfg = Release|Any CPU
		{FA0D34AB-03CE-4CEC-93CB-AE4D5D415573}.Release|x86.Build.0 = Release|Any CPU
		{1D4B5120-A368-49CD-A83A-714F9EFCCB9C}.Debug|Any CPU.ActiveCfg = Debug|Any CPU
		{1D4B5120-A368-49CD-A83A-714F9EFCCB9C}.Debug|Any CPU.Build.0 = Debug|Any CPU
		{1D4B5120-A368-49CD-A83A-714F9EFCCB9C}.Debug|x64.ActiveCfg = Debug|Any CPU
		{1D4B5120-A368-49CD-A83A-714F9EFCCB9C}.Debug|x64.Build.0 = Debug|Any CPU
		{1D4B5120-A368-49CD-A83A-714F9EFCCB9C}.Debug|x86.ActiveCfg = Debug|Any CPU
		{1D4B5120-A368-49CD-A83A-714F9EFCCB9C}.Debug|x86.Build.0 = Debug|Any CPU
		{1D4B5120-A368-49CD-A83A-714F9EFCCB9C}.Release|Any CPU.ActiveCfg = Release|Any CPU
		{1D4B5120-A368-49CD-A83A-714F9EFCCB9C}.Release|Any CPU.Build.0 = Release|Any CPU
		{1D4B5120-A368-49CD-A83A-714F9EFCCB9C}.Release|x64.ActiveCfg = Release|Any CPU
		{1D4B5120-A368-49CD-A83A-714F9EFCCB9C}.Release|x64.Build.0 = Release|Any CPU
		{1D4B5120-A368-49CD-A83A-714F9EFCCB9C}.Release|x86.ActiveCfg = Release|Any CPU
		{1D4B5120-A368-49CD-A83A-714F9EFCCB9C}.Release|x86.Build.0 = Release|Any CPU
		{A4DC2E7F-4489-42B6-9DF8-405A9B1F3871}.Debug|Any CPU.ActiveCfg = Debug|Any CPU
		{A4DC2E7F-4489-42B6-9DF8-405A9B1F3871}.Debug|Any CPU.Build.0 = Debug|Any CPU
		{A4DC2E7F-4489-42B6-9DF8-405A9B1F3871}.Debug|x64.ActiveCfg = Debug|Any CPU
		{A4DC2E7F-4489-42B6-9DF8-405A9B1F3871}.Debug|x64.Build.0 = Debug|Any CPU
		{A4DC2E7F-4489-42B6-9DF8-405A9B1F3871}.Debug|x86.ActiveCfg = Debug|Any CPU
		{A4DC2E7F-4489-42B6-9DF8-405A9B1F3871}.Debug|x86.Build.0 = Debug|Any CPU
		{A4DC2E7F-4489-42B6-9DF8-405A9B1F3871}.Release|Any CPU.ActiveCfg = Release|Any CPU
		{A4DC2E7F-4489-42B6-9DF8-405A9B1F3871}.Release|Any CPU.Build.0 = Release|Any CPU
		{A4DC2E7F-4489-42B6-9DF8-405A9B1F3871}.Release|x64.ActiveCfg = Release|Any CPU
		{A4DC2E7F-4489-42B6-9DF8-405A9B1F3871}.Release|x64.Build.0 = Release|Any CPU
		{A4DC2E7F-4489-42B6-9DF8-405A9B1F3871}.Release|x86.ActiveCfg = Release|Any CPU
		{A4DC2E7F-4489-42B6-9DF8-405A9B1F3871}.Release|x86.Build.0 = Release|Any CPU
	EndGlobalSection
	GlobalSection(SolutionProperties) = preSolution
		HideSolutionNode = FALSE
	EndGlobalSection
EndGlobal
