
Microsoft Visual Studio Solution File, Format Version 12.00
# Visual Studio Version 17
VisualStudioVersion = 17.0.31903.59
MinimumVisualStudioVersion = 10.0.40219.1
Project("{FAE04EC0-301F-11D3-BF4B-00C04F79EFBC}") = "KCCMaterialFlow.Host", "KCCMaterialFlow.Host\KCCMaterialFlow.Host.csproj", "{83CE5B73-9C8F-42C6-909C-06082EF00BB3}"
EndProject
Project("{2150E333-8FDC-42A3-9474-1A3956D46DE8}") = "Modules", "Modules", "{CA253913-39DE-BFD0-C9A3-4B7EC6FBDF17}"
EndProject
Project("{FAE04EC0-301F-11D3-BF4B-00C04F79EFBC}") = "KCCMaterialFlow.Module.Shared", "Modules\KCCMaterialFlow.Module.Shared\KCCMaterialFlow.Module.Shared.csproj", "{93ABAA33-E75D-4D18-956A-EEB49854DA2F}"
EndProject
Project("{FAE04EC0-301F-11D3-BF4B-00C04F79EFBC}") = "KCCMaterialFlow.Infrastructure", "KCCMaterialFlow.Infrastructure\KCCMaterialFlow.Infrastructure.csproj", "{FA0D34AB-03CE-4CEC-93CB-AE4D5D415573}"
EndProject
Project("{FAE04EC0-301F-11D3-BF4B-00C04F79EFBC}") = "KCCMaterialFlow.Domain", "KCCMaterialFlow.Domain\KCCMaterialFlow.Domain.csproj", "{1D4B5120-A368-49CD-A83A-714F9EFCCB9C}"
EndProject
Project("{FAE04EC0-301F-11D3-BF4B-00C04F79EFBC}") = "KCCMaterialFlow.Application", "KCCMaterialFlow.Application\KCCMaterialFlow.Application.csproj", "{A4DC2E7F-4489-42B6-9DF8-405A9B1F3871}"
EndProject
Project("{2150E333-8FDC-42A3-9474-1A3956D46DE8}") = "BonEntree", "BonEntree", "{1C6AEDBB-B8F3-34AD-B104-BCD7D3BCFE8A}"
EndProject
Project("{FAE04EC0-301F-11D3-BF4B-00C04F79EFBC}") = "KCCMaterialFlow.Module.BonEntree.Application", "Modules\BonEntree\KCCMaterialFlow.Module.BonEntree.Application\KCCMaterialFlow.Module.BonEntree.Application.csproj", "{F0BED322-B11C-49B2-BC8F-961E9F676A2D}"
EndProject
Project("{FAE04EC0-301F-11D3-BF4B-00C04F79EFBC}") = "KCCMaterialFlow.Module.BonEntree.Presentation", "Modules\BonEntree\KCCMaterialFlow.Module.BonEntree.Presentation\KCCMaterialFlow.Module.BonEntree.Presentation.csproj", "{3DCA08D4-8188-42AB-A07B-D81925A8F5A4}"
EndProject
Project("{2150E333-8FDC-42A3-9474-1A3956D46DE8}") = "BonSortie", "BonSortie", "{C4403190-7D02-B728-2823-09B20345B51A}"
EndProject
Project("{FAE04EC0-301F-11D3-BF4B-00C04F79EFBC}") = "KCCMaterialFlow.Module.BonSortie.Application", "Modules\BonSortie\KCCMaterialFlow.Module.BonSortie.Application\KCCMaterialFlow.Module.BonSortie.Application.csproj", "{96A42CBA-81BF-4356-AC58-7627EC4369C6}"
EndProject
Project("{FAE04EC0-301F-11D3-BF4B-00C04F79EFBC}") = "KCCMaterialFlow.Module.BonSortie.Presentation", "Modules\BonSortie\KCCMaterialFlow.Module.BonSortie.Presentation\KCCMaterialFlow.Module.BonSortie.Presentation.csproj", "{65A13245-0390-4A7F-9114-77BFE54213DD}"
EndProject
Project("{2150E333-8FDC-42A3-9474-1A3956D46DE8}") = "Securite", "Securite", "{3432AA00-0DC2-A331-5811-1A15FAE562E3}"
EndProject
Project("{FAE04EC0-301F-11D3-BF4B-00C04F79EFBC}") = "KCCMaterialFlow.Module.Securite.Application", "Modules\Securite\KCCMaterialFlow.Module.Securite.Application\KCCMaterialFlow.Module.Securite.Application.csproj", "{F7244E9D-46B7-40FB-A215-C838C52C983A}"
EndProject
Project("{FAE04EC0-301F-11D3-BF4B-00C04F79EFBC}") = "KCCMaterialFlow.Module.Securite.Presentation", "Modules\Securite\KCCMaterialFlow.Module.Securite.Presentation\KCCMaterialFlow.Module.Securite.Presentation.csproj", "{AEC2B773-8452-4686-8300-456DB5FA986F}"
EndProject
Global
	GlobalSection(SolutionConfigurationPlatforms) = preSolution
		Debug|Any CPU = Debug|Any CPU
		Debug|x64 = Debug|x64
		Debug|x86 = Debug|x86
		Release|Any CPU = Release|Any CPU
		Release|x64 = Release|x64
		Release|x86 = Release|x86
	EndGlobalSection
	GlobalSection(ProjectConfigurationPlatforms) = postSolution
		{83CE5B73-9C8F-42C6-909C-06082EF00BB3}.Debug|Any CPU.ActiveCfg = Debug|Any CPU
		{83CE5B73-9C8F-42C6-909C-06082EF00BB3}.Debug|Any CPU.Build.0 = Debug|Any CPU
		{83CE5B73-9C8F-42C6-909C-06082EF00BB3}.Debug|x64.ActiveCfg = Debug|Any CPU
		{83CE5B73-9C8F-42C6-909C-06082EF00BB3}.Debug|x64.Build.0 = Debug|Any CPU
		{83CE5B73-9C8F-42C6-909C-06082EF00BB3}.Debug|x86.ActiveCfg = Debug|Any CPU
		{83CE5B73-9C8F-42C6-909C-06082EF00BB3}.Debug|x86.Build.0 = Debug|Any CPU
		{83CE5B73-9C8F-42C6-909C-06082EF00BB3}.Release|Any CPU.ActiveCfg = Release|Any CPU
		{83CE5B73-9C8F-42C6-909C-06082EF00BB3}.Release|Any CPU.Build.0 = Release|Any CPU
		{83CE5B73-9C8F-42C6-909C-06082EF00BB3}.Release|x64.ActiveCfg = Release|Any CPU
		{83CE5B73-9C8F-42C6-909C-06082EF00BB3}.Release|x64.Build.0 = Release|Any CPU
		{83CE5B73-9C8F-42C6-909C-06082EF00BB3}.Release|x86.ActiveCfg = Release|Any CPU
		{83CE5B73-9C8F-42C6-909C-06082EF00BB3}.Release|x86.Build.0 = Release|Any CPU
		{93ABAA33-E75D-4D18-956A-EEB49854DA2F}.Debug|Any CPU.ActiveCfg = Debug|Any CPU
		{93ABAA33-E75D-4D18-956A-EEB49854DA2F}.Debug|Any CPU.Build.0 = Debug|Any CPU
		{93ABAA33-E75D-4D18-956A-EEB49854DA2F}.Debug|x64.ActiveCfg = Debug|Any CPU
		{93ABAA33-E75D-4D18-956A-EEB49854DA2F}.Debug|x64.Build.0 = Debug|Any CPU
		{93ABAA33-E75D-4D18-956A-EEB49854DA2F}.Debug|x86.ActiveCfg = Debug|Any CPU
		{93ABAA33-E75D-4D18-956A-EEB49854DA2F}.Debug|x86.Build.0 = Debug|Any CPU
		{93ABAA33-E75D-4D18-956A-EEB49854DA2F}.Release|Any CPU.ActiveCfg = Release|Any CPU
		{93ABAA33-E75D-4D18-956A-EEB49854DA2F}.Release|Any CPU.Build.0 = Release|Any CPU
		{93ABAA33-E75D-4D18-956A-EEB49854DA2F}.Release|x64.ActiveCfg = Release|Any CPU
		{93ABAA33-E75D-4D18-956A-EEB49854DA2F}.Release|x64.Build.0 = Release|Any CPU
		{93ABAA33-E75D-4D18-956A-EEB49854DA2F}.Release|x86.ActiveCfg = Release|Any CPU
		{93ABAA33-E75D-4D18-956A-EEB49854DA2F}.Release|x86.Build.0 = Release|Any CPU
		{FA0D34AB-03CE-4CEC-93CB-AE4D5D415573}.Debug|Any CPU.ActiveCfg = Debug|Any CPU
		{FA0D34AB-03CE-4CEC-93CB-AE4D5D415573}.Debug|Any CPU.Build.0 = Debug|Any CPU
		{FA0D34AB-03CE-4CEC-93CB-AE4D5D415573}.Debug|x64.ActiveCfg = Debug|Any CPU
		{FA0D34AB-03CE-4CEC-93CB-AE4D5D415573}.Debug|x64.Build.0 = Debug|Any CPU
		{FA0D34AB-03CE-4CEC-93CB-AE4D5D415573}.Debug|x86.ActiveCfg = Debug|Any CPU
		{FA0D34AB-03CE-4CEC-93CB-AE4D5D415573}.Debug|x86.Build.0 = Debug|Any CPU
		{FA0D34AB-03CE-4CEC-93CB-AE4D5D415573}.Release|Any CPU.ActiveCfg = Release|Any CPU
		{FA0D34AB-03CE-4CEC-93CB-AE4D5D415573}.Release|Any CPU.Build.0 = Release|Any CPU
		{FA0D34AB-03CE-4CEC-93CB-AE4D5D415573}.Release|x64.ActiveCfg = Release|Any CPU
		{FA0D34AB-03CE-4CEC-93CB-AE4D5D415573}.Release|x64.Build.0 = Release|Any CPU
		{FA0D34AB-03CE-4CEC-93CB-AE4D5D415573}.Release|x86.ActiveCfg = Release|Any CPU
		{FA0D34AB-03CE-4CEC-93CB-AE4D5D415573}.Release|x86.Build.0 = Release|Any CPU
		{1D4B5120-A368-49CD-A83A-714F9EFCCB9C}.Debug|Any CPU.ActiveCfg = Debug|Any CPU
		{1D4B5120-A368-49CD-A83A-714F9EFCCB9C}.Debug|Any CPU.Build.0 = Debug|Any CPU
		{1D4B5120-A368-49CD-A83A-714F9EFCCB9C}.Debug|x64.ActiveCfg = Debug|Any CPU
		{1D4B5120-A368-49CD-A83A-714F9EFCCB9C}.Debug|x64.Build.0 = Debug|Any CPU
		{1D4B5120-A368-49CD-A83A-714F9EFCCB9C}.Debug|x86.ActiveCfg = Debug|Any CPU
		{1D4B5120-A368-49CD-A83A-714F9EFCCB9C}.Debug|x86.Build.0 = Debug|Any CPU
		{1D4B5120-A368-49CD-A83A-714F9EFCCB9C}.Release|Any CPU.ActiveCfg = Release|Any CPU
		{1D4B5120-A368-49CD-A83A-714F9EFCCB9C}.Release|Any CPU.Build.0 = Release|Any CPU
		{1D4B5120-A368-49CD-A83A-714F9EFCCB9C}.Release|x64.ActiveCfg = Release|Any CPU
		{1D4B5120-A368-49CD-A83A-714F9EFCCB9C}.Release|x64.Build.0 = Release|Any CPU
		{1D4B5120-A368-49CD-A83A-714F9EFCCB9C}.Release|x86.ActiveCfg = Release|Any CPU
		{1D4B5120-A368-49CD-A83A-714F9EFCCB9C}.Release|x86.Build.0 = Release|Any CPU
		{A4DC2E7F-4489-42B6-9DF8-405A9B1F3871}.Debug|Any CPU.ActiveCfg = Debug|Any CPU
		{A4DC2E7F-4489-42B6-9DF8-405A9B1F3871}.Debug|Any CPU.Build.0 = Debug|Any CPU
		{A4DC2E7F-4489-42B6-9DF8-405A9B1F3871}.Debug|x64.ActiveCfg = Debug|Any CPU
		{A4DC2E7F-4489-42B6-9DF8-405A9B1F3871}.Debug|x64.Build.0 = Debug|Any CPU
		{A4DC2E7F-4489-42B6-9DF8-405A9B1F3871}.Debug|x86.ActiveCfg = Debug|Any CPU
		{A4DC2E7F-4489-42B6-9DF8-405A9B1F3871}.Debug|x86.Build.0 = Debug|Any CPU
		{A4DC2E7F-4489-42B6-9DF8-405A9B1F3871}.Release|Any CPU.ActiveCfg = Release|Any CPU
		{A4DC2E7F-4489-42B6-9DF8-405A9B1F3871}.Release|Any CPU.Build.0 = Release|Any CPU
		{A4DC2E7F-4489-42B6-9DF8-405A9B1F3871}.Release|x64.ActiveCfg = Release|Any CPU
		{A4DC2E7F-4489-42B6-9DF8-405A9B1F3871}.Release|x64.Build.0 = Release|Any CPU
		{A4DC2E7F-4489-42B6-9DF8-405A9B1F3871}.Release|x86.ActiveCfg = Release|Any CPU
		{A4DC2E7F-4489-42B6-9DF8-405A9B1F3871}.Release|x86.Build.0 = Release|Any CPU
		{F0BED322-B11C-49B2-BC8F-961E9F676A2D}.Debug|Any CPU.ActiveCfg = Debug|Any CPU
		{F0BED322-B11C-49B2-BC8F-961E9F676A2D}.Debug|Any CPU.Build.0 = Debug|Any CPU
		{F0BED322-B11C-49B2-BC8F-961E9F676A2D}.Debug|x64.ActiveCfg = Debug|Any CPU
		{F0BED322-B11C-49B2-BC8F-961E9F676A2D}.Debug|x64.Build.0 = Debug|Any CPU
		{F0BED322-B11C-49B2-BC8F-961E9F676A2D}.Debug|x86.ActiveCfg = Debug|Any CPU
		{F0BED322-B11C-49B2-BC8F-961E9F676A2D}.Debug|x86.Build.0 = Debug|Any CPU
		{F0BED322-B11C-49B2-BC8F-961E9F676A2D}.Release|Any CPU.ActiveCfg = Release|Any CPU
		{F0BED322-B11C-49B2-BC8F-961E9F676A2D}.Release|Any CPU.Build.0 = Release|Any CPU
		{F0BED322-B11C-49B2-BC8F-961E9F676A2D}.Release|x64.ActiveCfg = Release|Any CPU
		{F0BED322-B11C-49B2-BC8F-961E9F676A2D}.Release|x64.Build.0 = Release|Any CPU
		{F0BED322-B11C-49B2-BC8F-961E9F676A2D}.Release|x86.ActiveCfg = Release|Any CPU
		{F0BED322-B11C-49B2-BC8F-961E9F676A2D}.Release|x86.Build.0 = Release|Any CPU
		{3DCA08D4-8188-42AB-A07B-D81925A8F5A4}.Debug|Any CPU.ActiveCfg = Debug|Any CPU
		{3DCA08D4-8188-42AB-A07B-D81925A8F5A4}.Debug|Any CPU.Build.0 = Debug|Any CPU
		{3DCA08D4-8188-42AB-A07B-D81925A8F5A4}.Debug|x64.ActiveCfg = Debug|Any CPU
		{3DCA08D4-8188-42AB-A07B-D81925A8F5A4}.Debug|x64.Build.0 = Debug|Any CPU
		{3DCA08D4-8188-42AB-A07B-D81925A8F5A4}.Debug|x86.ActiveCfg = Debug|Any CPU
		{3DCA08D4-8188-42AB-A07B-D81925A8F5A4}.Debug|x86.Build.0 = Debug|Any CPU
		{3DCA08D4-8188-42AB-A07B-D81925A8F5A4}.Release|Any CPU.ActiveCfg = Release|Any CPU
		{3DCA08D4-8188-42AB-A07B-D81925A8F5A4}.Release|Any CPU.Build.0 = Release|Any CPU
		{3DCA08D4-8188-42AB-A07B-D81925A8F5A4}.Release|x64.ActiveCfg = Release|Any CPU
		{3DCA08D4-8188-42AB-A07B-D81925A8F5A4}.Release|x64.Build.0 = Release|Any CPU
		{3DCA08D4-8188-42AB-A07B-D81925A8F5A4}.Release|x86.ActiveCfg = Release|Any CPU
		{3DCA08D4-8188-42AB-A07B-D81925A8F5A4}.Release|x86.Build.0 = Release|Any CPU
		{96A42CBA-81BF-4356-AC58-7627EC4369C6}.Debug|Any CPU.ActiveCfg = Debug|Any CPU
		{96A42CBA-81BF-4356-AC58-7627EC4369C6}.Debug|Any CPU.Build.0 = Debug|Any CPU
		{96A42CBA-81BF-4356-AC58-7627EC4369C6}.Debug|x64.ActiveCfg = Debug|Any CPU
		{96A42CBA-81BF-4356-AC58-7627EC4369C6}.Debug|x64.Build.0 = Debug|Any CPU
		{96A42CBA-81BF-4356-AC58-7627EC4369C6}.Debug|x86.ActiveCfg = Debug|Any CPU
		{96A42CBA-81BF-4356-AC58-7627EC4369C6}.Debug|x86.Build.0 = Debug|Any CPU
		{96A42CBA-81BF-4356-AC58-7627EC4369C6}.Release|Any CPU.ActiveCfg = Release|Any CPU
		{96A42CBA-81BF-4356-AC58-7627EC4369C6}.Release|Any CPU.Build.0 = Release|Any CPU
		{96A42CBA-81BF-4356-AC58-7627EC4369C6}.Release|x64.ActiveCfg = Release|Any CPU
		{96A42CBA-81BF-4356-AC58-7627EC4369C6}.Release|x64.Build.0 = Release|Any CPU
		{96A42CBA-81BF-4356-AC58-7627EC4369C6}.Release|x86.ActiveCfg = Release|Any CPU
		{96A42CBA-81BF-4356-AC58-7627EC4369C6}.Release|x86.Build.0 = Release|Any CPU
		{65A13245-0390-4A7F-9114-77BFE54213DD}.Debug|Any CPU.ActiveCfg = Debug|Any CPU
		{65A13245-0390-4A7F-9114-77BFE54213DD}.Debug|Any CPU.Build.0 = Debug|Any CPU
		{65A13245-0390-4A7F-9114-77BFE54213DD}.Debug|x64.ActiveCfg = Debug|Any CPU
		{65A13245-0390-4A7F-9114-77BFE54213DD}.Debug|x64.Build.0 = Debug|Any CPU
		{65A13245-0390-4A7F-9114-77BFE54213DD}.Debug|x86.ActiveCfg = Debug|Any CPU
		{65A13245-0390-4A7F-9114-77BFE54213DD}.Debug|x86.Build.0 = Debug|Any CPU
		{65A13245-0390-4A7F-9114-77BFE54213DD}.Release|Any CPU.ActiveCfg = Release|Any CPU
		{65A13245-0390-4A7F-9114-77BFE54213DD}.Release|Any CPU.Build.0 = Release|Any CPU
		{65A13245-0390-4A7F-9114-77BFE54213DD}.Release|x64.ActiveCfg = Release|Any CPU
		{65A13245-0390-4A7F-9114-77BFE54213DD}.Release|x64.Build.0 = Release|Any CPU
		{65A13245-0390-4A7F-9114-77BFE54213DD}.Release|x86.ActiveCfg = Release|Any CPU
		{65A13245-0390-4A7F-9114-77BFE54213DD}.Release|x86.Build.0 = Release|Any CPU
		{F7244E9D-46B7-40FB-A215-C838C52C983A}.Debug|Any CPU.ActiveCfg = Debug|Any CPU
		{F7244E9D-46B7-40FB-A215-C838C52C983A}.Debug|Any CPU.Build.0 = Debug|Any CPU
		{F7244E9D-46B7-40FB-A215-C838C52C983A}.Debug|x64.ActiveCfg = Debug|Any CPU
		{F7244E9D-46B7-40FB-A215-C838C52C983A}.Debug|x64.Build.0 = Debug|Any CPU
		{F7244E9D-46B7-40FB-A215-C838C52C983A}.Debug|x86.ActiveCfg = Debug|Any CPU
		{F7244E9D-46B7-40FB-A215-C838C52C983A}.Debug|x86.Build.0 = Debug|Any CPU
		{F7244E9D-46B7-40FB-A215-C838C52C983A}.Release|Any CPU.ActiveCfg = Release|Any CPU
		{F7244E9D-46B7-40FB-A215-C838C52C983A}.Release|Any CPU.Build.0 = Release|Any CPU
		{F7244E9D-46B7-40FB-A215-C838C52C983A}.Release|x64.ActiveCfg = Release|Any CPU
		{F7244E9D-46B7-40FB-A215-C838C52C983A}.Release|x64.Build.0 = Release|Any CPU
		{F7244E9D-46B7-40FB-A215-C838C52C983A}.Release|x86.ActiveCfg = Release|Any CPU
		{F7244E9D-46B7-40FB-A215-C838C52C983A}.Release|x86.Build.0 = Release|Any CPU
		{AEC2B773-8452-4686-8300-456DB5FA986F}.Debug|Any CPU.ActiveCfg = Debug|Any CPU
		{AEC2B773-8452-4686-8300-456DB5FA986F}.Debug|Any CPU.Build.0 = Debug|Any CPU
		{AEC2B773-8452-4686-8300-456DB5FA986F}.Debug|x64.ActiveCfg = Debug|Any CPU
		{AEC2B773-8452-4686-8300-456DB5FA986F}.Debug|x64.Build.0 = Debug|Any CPU
		{AEC2B773-8452-4686-8300-456DB5FA986F}.Debug|x86.ActiveCfg = Debug|Any CPU
		{AEC2B773-8452-4686-8300-456DB5FA986F}.Debug|x86.Build.0 = Debug|Any CPU
		{AEC2B773-8452-4686-8300-456DB5FA986F}.Release|Any CPU.ActiveCfg = Release|Any CPU
		{AEC2B773-8452-4686-8300-456DB5FA986F}.Release|Any CPU.Build.0 = Release|Any CPU
		{AEC2B773-8452-4686-8300-456DB5FA986F}.Release|x64.ActiveCfg = Release|Any CPU
		{AEC2B773-8452-4686-8300-456DB5FA986F}.Release|x64.Build.0 = Release|Any CPU
		{AEC2B773-8452-4686-8300-456DB5FA986F}.Release|x86.ActiveCfg = Release|Any CPU
		{AEC2B773-8452-4686-8300-456DB5FA986F}.Release|x86.Build.0 = Release|Any CPU
	EndGlobalSection
	GlobalSection(SolutionProperties) = preSolution
		HideSolutionNode = FALSE
	EndGlobalSection
	GlobalSection(NestedProjects) = preSolution
		{93ABAA33-E75D-4D18-956A-EEB49854DA2F} = {CA253913-39DE-BFD0-C9A3-4B7EC6FBDF17}
		{1C6AEDBB-B8F3-34AD-B104-BCD7D3BCFE8A} = {CA253913-39DE-BFD0-C9A3-4B7EC6FBDF17}
		{F0BED322-B11C-49B2-BC8F-961E9F676A2D} = {1C6AEDBB-B8F3-34AD-B104-BCD7D3BCFE8A}
		{3DCA08D4-8188-42AB-A07B-D81925A8F5A4} = {1C6AEDBB-B8F3-34AD-B104-BCD7D3BCFE8A}
		{C4403190-7D02-B728-2823-09B20345B51A} = {CA253913-39DE-BFD0-C9A3-4B7EC6FBDF17}
		{96A42CBA-81BF-4356-AC58-7627EC4369C6} = {C4403190-7D02-B728-2823-09B20345B51A}
		{65A13245-0390-4A7F-9114-77BFE54213DD} = {C4403190-7D02-B728-2823-09B20345B51A}
		{3432AA00-0DC2-A331-5811-1A15FAE562E3} = {CA253913-39DE-BFD0-C9A3-4B7EC6FBDF17}
		{F7244E9D-46B7-40FB-A215-C838C52C983A} = {3432AA00-0DC2-A331-5811-1A15FAE562E3}
		{AEC2B773-8452-4686-8300-456DB5FA986F} = {3432AA00-0DC2-A331-5811-1A15FAE562E3}
	EndGlobalSection
EndGlobal
